
Microsoft Visual Studio Solution File, Format Version 12.00
# Visual Studio Version 17
VisualStudioVersion = 17.5.002.0
MinimumVisualStudioVersion = 10.0.40219.1
Project("{9A19103F-16F7-4668-BE54-9A1E7A4F7556}") = "Hng.Web", "Hng.Web\Hng.Web.csproj", "{3AC3F96A-F761-4F0F-BC5E-AF8495E69AC5}"
EndProject
Project("{9A19103F-16F7-4668-BE54-9A1E7A4F7556}") = "Hng.Infrastructure", "Hng.Infrastructure\Hng.Infrastructure.csproj", "{ADED65FD-1953-4DFC-8657-D8C13523FD4B}"
EndProject
Project("{9A19103F-16F7-4668-BE54-9A1E7A4F7556}") = "Hng.Domain", "Hng.Domain\Hng.Domain.csproj", "{49C39714-C682-413D-BC28-69E7174DF08A}"
EndProject
Project("{9A19103F-16F7-4668-BE54-9A1E7A4F7556}") = "Hng.Application", "Hng.Application\Hng.Application.csproj", "{8BFED693-61F9-488D-99F0-322C7BD2AEA3}"
EndProject
Project("{9A19103F-16F7-4668-BE54-9A1E7A4F7556}") = "Hng.Application.Test", "Hng.Application.Test\Hng.Application.Test.csproj", "{778090F5-2900-425F-B01A-DC7AEA241509}"
EndProject
Global
	GlobalSection(SolutionConfigurationPlatforms) = preSolution
		Debug|Any CPU = Debug|Any CPU
		Release|Any CPU = Release|Any CPU
	EndGlobalSection
	GlobalSection(ProjectConfigurationPlatforms) = postSolution
		{3AC3F96A-F761-4F0F-BC5E-AF8495E69AC5}.Debug|Any CPU.ActiveCfg = Debug|Any CPU
		{3AC3F96A-F761-4F0F-BC5E-AF8495E69AC5}.Debug|Any CPU.Build.0 = Debug|Any CPU
		{3AC3F96A-F761-4F0F-BC5E-AF8495E69AC5}.Release|Any CPU.ActiveCfg = Release|Any CPU
		{3AC3F96A-F761-4F0F-BC5E-AF8495E69AC5}.Release|Any CPU.Build.0 = Release|Any CPU
		{ADED65FD-1953-4DFC-8657-D8C13523FD4B}.Debug|Any CPU.ActiveCfg = Debug|Any CPU
		{ADED65FD-1953-4DFC-8657-D8C13523FD4B}.Debug|Any CPU.Build.0 = Debug|Any CPU
		{ADED65FD-1953-4DFC-8657-D8C13523FD4B}.Release|Any CPU.ActiveCfg = Release|Any CPU
		{ADED65FD-1953-4DFC-8657-D8C13523FD4B}.Release|Any CPU.Build.0 = Release|Any CPU
		{49C39714-C682-413D-BC28-69E7174DF08A}.Debug|Any CPU.ActiveCfg = Debug|Any CPU
		{49C39714-C682-413D-BC28-69E7174DF08A}.Debug|Any CPU.Build.0 = Debug|Any CPU
		{49C39714-C682-413D-BC28-69E7174DF08A}.Release|Any CPU.ActiveCfg = Release|Any CPU
		{49C39714-C682-413D-BC28-69E7174DF08A}.Release|Any CPU.Build.0 = Release|Any CPU
		{8BFED693-61F9-488D-99F0-322C7BD2AEA3}.Debug|Any CPU.ActiveCfg = Debug|Any CPU
		{8BFED693-61F9-488D-99F0-322C7BD2AEA3}.Debug|Any CPU.Build.0 = Debug|Any CPU
		{8BFED693-61F9-488D-99F0-322C7BD2AEA3}.Release|Any CPU.ActiveCfg = Release|Any CPU
		{8BFED693-61F9-488D-99F0-322C7BD2AEA3}.Release|Any CPU.Build.0 = Release|Any CPU
		{778090F5-2900-425F-B01A-DC7AEA241509}.Debug|Any CPU.ActiveCfg = Debug|Any CPU
		{778090F5-2900-425F-B01A-DC7AEA241509}.Debug|Any CPU.Build.0 = Debug|Any CPU
		{778090F5-2900-425F-B01A-DC7AEA241509}.Release|Any CPU.ActiveCfg = Release|Any CPU
		{778090F5-2900-425F-B01A-DC7AEA241509}.Release|Any CPU.Build.0 = Release|Any CPU
	EndGlobalSection
	GlobalSection(SolutionProperties) = preSolution
		HideSolutionNode = FALSE
	EndGlobalSection
	GlobalSection(ExtensibilityGlobals) = postSolution
		SolutionGuid = {326AB22A-E561-4A18-B845-EF3C83D59D3B}
	EndGlobalSection
EndGlobal
